# This is a Gradle generated file for dependency locking.
# Manual edits can break the build and are not advised.
# This file is expected to be part of source control.
com.fasterxml.jackson.core:jackson-annotations:2.12.7=dokkaGfmPlugin,dokkaGfmRuntime,dokkaHtmlPlugin,dokkaHtmlRuntime,dokkaJavadocPlugin,dokkaJavadocRuntime,dokkaJekyllPlugin,dokkaJekyllRuntime
com.fasterxml.jackson.core:jackson-core:2.12.7=dokkaGfmPlugin,dokkaGfmRuntime,dokkaHtmlPlugin,dokkaHtmlRuntime,dokkaJavadocPlugin,dokkaJavadocRuntime,dokkaJekyllPlugin,dokkaJekyllRuntime
com.fasterxml.jackson.core:jackson-databind:2.12.7.1=dokkaGfmPlugin,dokkaGfmRuntime,dokkaHtmlPlugin,dokkaHtmlRuntime,dokkaJavadocPlugin,dokkaJavadocRuntime,dokkaJekyllPlugin,dokkaJekyllRuntime
com.fasterxml.jackson.dataformat:jackson-dataformat-xml:2.12.7=dokkaGfmRuntime,dokkaHtmlRuntime,dokkaJavadocRuntime,dokkaJekyllRuntime
com.fasterxml.jackson.module:jackson-module-jaxb-annotations:2.12.7=dokkaGfmRuntime,dokkaHtmlRuntime,dokkaJavadocRuntime,dokkaJekyllRuntime
com.fasterxml.jackson.module:jackson-module-kotlin:2.12.7=dokkaGfmPlugin,dokkaGfmRuntime,dokkaHtmlPlugin,dokkaHtmlRuntime,dokkaJavadocPlugin,dokkaJavadocRuntime,dokkaJekyllPlugin,dokkaJekyllRuntime
com.fasterxml.jackson:jackson-bom:2.12.7=dokkaGfmPlugin,dokkaGfmRuntime,dokkaHtmlPlugin,dokkaHtmlRuntime,dokkaJavadocPlugin,dokkaJavadocRuntime,dokkaJekyllPlugin,dokkaJekyllRuntime
com.fasterxml.woodstox:woodstox-core:6.2.4=dokkaGfmRuntime,dokkaHtmlRuntime,dokkaJavadocRuntime,dokkaJekyllRuntime
com.soywiz.korlibs.korte:korte-jvm:4.0.10=dokkaJavadocPlugin
de.erichseifert.vectorgraphics2d:VectorGraphics2D:0.13=jmhRuntimeClasspath,testCompileClasspath,testDependencySources,testImplementationDependenciesMetadata,testRuntimeClasspath
it.unimi.dsi:fastutil-core:8.5.12=dokkaGfmPlugin,dokkaHtmlPlugin,dokkaJavadocPlugin,dokkaJekyllPlugin
jakarta.activation:jakarta.activation-api:1.2.1=dokkaGfmRuntime,dokkaHtmlRuntime,dokkaJavadocRuntime,dokkaJekyllRuntime
jakarta.xml.bind:jakarta.xml.bind-api:2.3.2=dokkaGfmRuntime,dokkaHtmlRuntime,dokkaJavadocRuntime,dokkaJekyllRuntime
net.sf.jopt-simple:jopt-simple:5.0.4=jmh,jmhCompileClasspath,jmhDependencySources,jmhImplementationDependenciesMetadata,jmhRuntimeClasspath
org.apache.commons:commons-math3:3.6.1=jmh,jmhCompileClasspath,jmhDependencySources,jmhImplementationDependenciesMetadata,jmhRuntimeClasspath
org.apiguardian:apiguardian-api:1.1.2=testCompileClasspath,testImplementationDependenciesMetadata
org.codehaus.woodstox:stax2-api:4.2.1=dokkaGfmRuntime,dokkaHtmlRuntime,dokkaJavadocRuntime,dokkaJekyllRuntime
org.freemarker:freemarker:2.3.32=dokkaGfmPlugin,dokkaHtmlPlugin,dokkaJavadocPlugin,dokkaJekyllPlugin
org.jetbrains.dokka:analysis-kotlin-descriptors:1.9.20=dokkaGfmPlugin,dokkaHtmlPlugin,dokkaJavadocPlugin,dokkaJekyllPlugin
org.jetbrains.dokka:analysis-markdown:1.9.20=dokkaGfmPlugin,dokkaHtmlPlugin,dokkaJavadocPlugin,dokkaJekyllPlugin
org.jetbrains.dokka:dokka-base:1.9.20=dokkaGfmPlugin,dokkaHtmlPlugin,dokkaJavadocPlugin,dokkaJekyllPlugin
org.jetbrains.dokka:dokka-core:1.9.20=dokkaGfmRuntime,dokkaHtmlRuntime,dokkaJavadocRuntime,dokkaJekyllRuntime
org.jetbrains.dokka:javadoc-plugin:1.9.20=dokkaJavadocPlugin
org.jetbrains.dokka:kotlin-as-java-plugin:1.9.20=dokkaJavadocPlugin
org.jetbrains.intellij.deps:trove4j:1.0.20200330=kotlinBuildToolsApiClasspath,kotlinCompilerClasspath,kotlinKlibCommonizerClasspath
org.jetbrains.kotlin:kotlin-build-common:2.0.0=kotlinBuildToolsApiClasspath
org.jetbrains.kotlin:kotlin-build-tools-api:2.0.0=kotlinBuildToolsApiClasspath
org.jetbrains.kotlin:kotlin-build-tools-impl:2.0.0=kotlinBuildToolsApiClasspath
org.jetbrains.kotlin:kotlin-compiler-embeddable:2.0.0=kotlinBuildToolsApiClasspath,kotlinCompilerClasspath,kotlinKlibCommonizerClasspath
org.jetbrains.kotlin:kotlin-compiler-runner:2.0.0=kotlinBuildToolsApiClasspath
org.jetbrains.kotlin:kotlin-daemon-client:2.0.0=kotlinBuildToolsApiClasspath
org.jetbrains.kotlin:kotlin-daemon-embeddable:2.0.0=kotlinBuildToolsApiClasspath,kotlinCompilerClasspath,kotlinKlibCommonizerClasspath
org.jetbrains.kotlin:kotlin-klib-commonizer-embeddable:2.0.0=kotlinKlibCommonizerClasspath
org.jetbrains.kotlin:kotlin-native-prebuilt:2.0.0=kotlinNativeBundleConfiguration
org.jetbrains.kotlin:kotlin-reflect:1.6.10=kotlinBuildToolsApiClasspath,kotlinCompilerClasspath,kotlinKlibCommonizerClasspath
org.jetbrains.kotlin:kotlin-reflect:1.9.22=dokkaGfmPlugin,dokkaGfmRuntime,dokkaHtmlPlugin,dokkaHtmlRuntime,dokkaJavadocPlugin,dokkaJavadocRuntime,dokkaJekyllPlugin,dokkaJekyllRuntime
org.jetbrains.kotlin:kotlin-script-runtime:2.0.0=kotlinBuildToolsApiClasspath,kotlinCompilerClasspath,kotlinCompilerPluginClasspathJmh,kotlinCompilerPluginClasspathMain,kotlinCompilerPluginClasspathTest,kotlinKlibCommonizerClasspath
org.jetbrains.kotlin:kotlin-scripting-common:2.0.0=kotlinBuildToolsApiClasspath,kotlinCompilerPluginClasspathJmh,kotlinCompilerPluginClasspathMain,kotlinCompilerPluginClasspathTest
org.jetbrains.kotlin:kotlin-scripting-compiler-embeddable:2.0.0=kotlinBuildToolsApiClasspath,kotlinCompilerPluginClasspathJmh,kotlinCompilerPluginClasspathMain,kotlinCompilerPluginClasspathTest
org.jetbrains.kotlin:kotlin-scripting-compiler-impl-embeddable:2.0.0=kotlinBuildToolsApiClasspath,kotlinCompilerPluginClasspathJmh,kotlinCompilerPluginClasspathMain,kotlinCompilerPluginClasspathTest
org.jetbrains.kotlin:kotlin-scripting-jvm:2.0.0=kotlinBuildToolsApiClasspath,kotlinCompilerPluginClasspathJmh,kotlinCompilerPluginClasspathMain,kotlinCompilerPluginClasspathTest
org.jetbrains.kotlin:kotlin-stdlib-common:1.9.22=dokkaGfmPlugin,dokkaGfmRuntime,dokkaHtmlPlugin,dokkaHtmlRuntime,dokkaJavadocPlugin,dokkaJavadocRuntime,dokkaJekyllPlugin,dokkaJekyllRuntime
org.jetbrains.kotlin:kotlin-stdlib-jdk7:1.8.20=dokkaGfmRuntime,dokkaHtmlRuntime,dokkaJavadocRuntime,dokkaJekyllRuntime
org.jetbrains.kotlin:kotlin-stdlib-jdk7:1.9.0=dokkaGfmPlugin,dokkaHtmlPlugin,dokkaJavadocPlugin,dokkaJekyllPlugin
org.jetbrains.kotlin:kotlin-stdlib-jdk8:1.8.20=dokkaGfmRuntime,dokkaHtmlRuntime,dokkaJavadocRuntime,dokkaJekyllRuntime
org.jetbrains.kotlin:kotlin-stdlib-jdk8:1.9.0=dokkaGfmPlugin,dokkaHtmlPlugin,dokkaJavadocPlugin,dokkaJekyllPlugin
org.jetbrains.kotlin:kotlin-stdlib:1.9.22=dokkaGfmPlugin,dokkaGfmRuntime,dokkaHtmlPlugin,dokkaHtmlRuntime,dokkaJavadocPlugin,dokkaJavadocRuntime,dokkaJekyllPlugin,dokkaJekyllRuntime
org.jetbrains.kotlin:kotlin-stdlib:2.0.0=apiDependenciesMetadata,compileClasspath,dependencySources,implementationDependenciesMetadata,jmhApiDependenciesMetadata,jmhCompileClasspath,jmhDependencySources,jmhImplementationDependenciesMetadata,jmhRuntimeClasspath,kotlinBuildToolsApiClasspath,kotlinCompilerClasspath,kotlinCompilerPluginClasspathJmh,kotlinCompilerPluginClasspathMain,kotlinCompilerPluginClasspathTest,kotlinKlibCommonizerClasspath,runtimeClasspath,testCompileClasspath,testDependencySources,testImplementationDependenciesMetadata,testRuntimeClasspath
org.jetbrains.kotlin:kotlin-test-junit5:2.0.0=jmhRuntimeClasspath,testCompileClasspath,testDependencySources,testRuntimeClasspath
org.jetbrains.kotlin:kotlin-test:2.0.0=jmhRuntimeClasspath,testCompileClasspath,testDependencySources,testImplementationDependenciesMetadata,testRuntimeClasspath
org.jetbrains.kotlinx:kotlinx-coroutines-bom:1.7.3=dokkaGfmPlugin,dokkaGfmRuntime,dokkaHtmlPlugin,dokkaHtmlRuntime,dokkaJavadocPlugin,dokkaJavadocRuntime,dokkaJekyllPlugin,dokkaJekyllRuntime
org.jetbrains.kotlinx:kotlinx-coroutines-bom:1.8.0=apiDependenciesMetadata,compileClasspath,implementationDependenciesMetadata,jmhCompileClasspath,jmhRuntimeClasspath,runtimeClasspath,testCompileClasspath,testImplementationDependenciesMetadata,testRuntimeClasspath
org.jetbrains.kotlinx:kotlinx-coroutines-core-jvm:1.5.0=kotlinBuildToolsApiClasspath
org.jetbrains.kotlinx:kotlinx-coroutines-core-jvm:1.7.3=dokkaGfmPlugin,dokkaGfmRuntime,dokkaHtmlPlugin,dokkaHtmlRuntime,dokkaJavadocPlugin,dokkaJavadocRuntime,dokkaJekyllPlugin,dokkaJekyllRuntime
org.jetbrains.kotlinx:kotlinx-coroutines-core-jvm:1.8.0=apiDependenciesMetadata,compileClasspath,dependencySources,implementationDependenciesMetadata,jmhCompileClasspath,jmhDependencySources,jmhRuntimeClasspath,runtimeClasspath,testCompileClasspath,testDependencySources,testImplementationDependenciesMetadata,testRuntimeClasspath
org.jetbrains.kotlinx:kotlinx-coroutines-core:1.7.3=dokkaGfmPlugin,dokkaGfmRuntime,dokkaHtmlPlugin,dokkaHtmlRuntime,dokkaJavadocPlugin,dokkaJavadocRuntime,dokkaJekyllPlugin,dokkaJekyllRuntime
org.jetbrains.kotlinx:kotlinx-html-jvm:0.9.1=dokkaGfmPlugin,dokkaHtmlPlugin,dokkaJavadocPlugin,dokkaJekyllPlugin
org.jetbrains:annotations:13.0=kotlinBuildToolsApiClasspath,kotlinCompilerClasspath,kotlinCompilerPluginClasspathJmh,kotlinCompilerPluginClasspathMain,kotlinCompilerPluginClasspathTest,kotlinKlibCommonizerClasspath
org.jetbrains:annotations:23.0.0=apiDependenciesMetadata,compileClasspath,dokkaGfmPlugin,dokkaGfmRuntime,dokkaHtmlPlugin,dokkaHtmlRuntime,dokkaJavadocPlugin,dokkaJavadocRuntime,dokkaJekyllPlugin,dokkaJekyllRuntime,implementationDependenciesMetadata,jmhCompileClasspath,jmhRuntimeClasspath,runtimeClasspath,testCompileClasspath,testImplementationDependenciesMetadata,testRuntimeClasspath
org.jetbrains:markdown-jvm:0.5.2=dokkaGfmPlugin,dokkaHtmlPlugin,dokkaJavadocPlugin,dokkaJekyllPlugin
org.jetbrains:markdown:0.5.2=dokkaGfmPlugin,dokkaHtmlPlugin,dokkaJavadocPlugin,dokkaJekyllPlugin
org.jsoup:jsoup:1.16.1=dokkaGfmPlugin,dokkaHtmlPlugin,dokkaJavadocPlugin,dokkaJekyllPlugin
org.junit.jupiter:junit-jupiter-api:5.10.1=jmhRuntimeClasspath,testCompileClasspath,testRuntimeClasspath
org.junit.jupiter:junit-jupiter-api:5.8.1=testDependencySources,testImplementationDependenciesMetadata
org.junit.jupiter:junit-jupiter-engine:5.10.1=jmhRuntimeClasspath,testRuntimeClasspath
org.junit.platform:junit-platform-commons:1.10.1=jmhRuntimeClasspath,testCompileClasspath,testRuntimeClasspath
org.junit.platform:junit-platform-commons:1.8.1=testImplementationDependenciesMetadata
org.junit.platform:junit-platform-engine:1.10.1=jmhRuntimeClasspath,testRuntimeClasspath
org.junit.platform:junit-platform-launcher:1.10.1=jmhRuntimeClasspath,testRuntimeClasspath
org.junit:junit-bom:5.10.1=jmhRuntimeClasspath,testCompileClasspath,testRuntimeClasspath
org.junit:junit-bom:5.8.1=testImplementationDependenciesMetadata
org.openjdk.jmh:jmh-core:1.37=jmh,jmhCompileClasspath,jmhDependencySources,jmhImplementationDependenciesMetadata,jmhRuntimeClasspath
org.openjdk.jmh:jmh-generator-asm:1.37=jmh,jmhCompileClasspath,jmhDependencySources,jmhImplementationDependenciesMetadata,jmhRuntimeClasspath
org.openjdk.jmh:jmh-generator-bytecode:1.37=jmh,jmhCompileClasspath,jmhDependencySources,jmhImplementationDependenciesMetadata,jmhRuntimeClasspath
org.openjdk.jmh:jmh-generator-reflection:1.37=jmh,jmhCompileClasspath,jmhDependencySources,jmhImplementationDependenciesMetadata,jmhRuntimeClasspath
org.opentest4j:opentest4j:1.2.0=testImplementationDependenciesMetadata
org.opentest4j:opentest4j:1.3.0=jmhRuntimeClasspath,testCompileClasspath,testRuntimeClasspath
org.ow2.asm:asm:9.0=jmh,jmhCompileClasspath,jmhDependencySources,jmhImplementationDependenciesMetadata,jmhRuntimeClasspath
empty=annotationProcessor,compileOnlyDependenciesMetadata,dokkaPlugin,dokkaRuntime,intransitiveDependenciesMetadata,jmhAnnotationProcessor,jmhCompileOnlyDependenciesMetadata,jmhIntransitiveDependenciesMetadata,jmhKotlinScriptDefExtensions,kotlinCompilerPluginClasspath,kotlinNativeCompilerPluginClasspath,kotlinScriptDefExtensions,testAnnotationProcessor,testApiDependenciesMetadata,testCompileOnlyDependenciesMetadata,testIntransitiveDependenciesMetadata,testKotlinScriptDefExtensions
